{
  "name": "goldenlotus",
  "version": "1.0.0",
  "lockfileVersion": 1,
  "requires": true,
  "dependencies": {
    "@murphybob/chartjs-plugin-labels": {
      "version": "1.1.1",
      "resolved": "https://registry.npmjs.org/@murphybob/chartjs-plugin-labels/-/chartjs-plugin-labels-1.1.1.tgz",
      "integrity": "sha512-yNWihNRAfdk/+5CoHrcBp9cNfxMwqKCxzH5kHy5OnPC4sk3O3FV9rb9GTNC15gGPEV+kB+OM3aUg4ay5gRSCdg=="
    }
  }
}
